
Microsoft Visual Studio Solution File, Format Version 12.00
# Visual Studio 15
VisualStudioVersion = 15.0.27616.0
MinimumVisualStudioVersion = 10.0.40219.1
Project("{FAE04EC0-301F-11D3-BF4B-00C04F79EFBC}") = "Microsoft.DotNet.CodeFormatting", "Microsoft.DotNet.CodeFormatting\Microsoft.DotNet.CodeFormatting.csproj", "{D535641F-A2D7-481C-930D-96C02F052B95}"
EndProject
Project("{FAE04EC0-301F-11D3-BF4B-00C04F79EFBC}") = "CodeFormatter", "CodeFormatter\CodeFormatter.csproj", "{B0E1A988-F762-459D-AD0D-56A3CF4FFF3F}"
EndProject
Project("{FAE04EC0-301F-11D3-BF4B-00C04F79EFBC}") = "Microsoft.DotNet.CodeFormatting.Tests", "Microsoft.DotNet.CodeFormatting.Tests\Microsoft.DotNet.CodeFormatting.Tests.csproj", "{D4D6FF88-0586-43C7-BDE4-D336EB25E7AA}"
EndProject
Project("{FAE04EC0-301F-11D3-BF4B-00C04F79EFBC}") = "XUnitConverter", "XUnitConverter\XUnitConverter.csproj", "{81B0FF57-C128-4F6B-83C7-94DBAF261582}"
EndProject
Project("{FAE04EC0-301F-11D3-BF4B-00C04F79EFBC}") = "XUnitConverter.Tests", "XUnitConverter.Tests\XUnitConverter.Tests.csproj", "{BA4C1700-8A72-4F33-AF67-0E60F324E521}"
EndProject
Project("{FAE04EC0-301F-11D3-BF4B-00C04F79EFBC}") = "Microsoft.DotNet.DeadRegionAnalysis", "Microsoft.DotNet.DeadRegionAnalysis\Microsoft.DotNet.DeadRegionAnalysis.csproj", "{27F04393-37FD-4D02-B574-0084BB7F6A59}"
EndProject
Project("{FAE04EC0-301F-11D3-BF4B-00C04F79EFBC}") = "Microsoft.DotNet.DeadRegionAnalysis.Tests", "Microsoft.DotNet.DeadRegionAnalysis.Tests\Microsoft.DotNet.DeadRegionAnalysis.Tests.csproj", "{7C57FD95-030E-48B2-B369-6694BB922C8C}"
EndProject
Project("{FAE04EC0-301F-11D3-BF4B-00C04F79EFBC}") = "DeadRegions", "DeadRegions\DeadRegions.csproj", "{B65D5F61-64BF-4219-863C-74C2744AE8FC}"
EndProject
Global
	GlobalSection(SolutionConfigurationPlatforms) = preSolution
		Debug|Any CPU = Debug|Any CPU
		Release|Any CPU = Release|Any CPU
	EndGlobalSection
	GlobalSection(ProjectConfigurationPlatforms) = postSolution
		{D535641F-A2D7-481C-930D-96C02F052B95}.Debug|Any CPU.ActiveCfg = Debug|Any CPU
		{D535641F-A2D7-481C-930D-96C02F052B95}.Debug|Any CPU.Build.0 = Debug|Any CPU
		{D535641F-A2D7-481C-930D-96C02F052B95}.Release|Any CPU.ActiveCfg = Release|Any CPU
		{D535641F-A2D7-481C-930D-96C02F052B95}.Release|Any CPU.Build.0 = Release|Any CPU
		{B0E1A988-F762-459D-AD0D-56A3CF4FFF3F}.Debug|Any CPU.ActiveCfg = Debug|Any CPU
		{B0E1A988-F762-459D-AD0D-56A3CF4FFF3F}.Debug|Any CPU.Build.0 = Debug|Any CPU
		{B0E1A988-F762-459D-AD0D-56A3CF4FFF3F}.Release|Any CPU.ActiveCfg = Release|Any CPU
		{B0E1A988-F762-459D-AD0D-56A3CF4FFF3F}.Release|Any CPU.Build.0 = Release|Any CPU
		{D4D6FF88-0586-43C7-BDE4-D336EB25E7AA}.Debug|Any CPU.ActiveCfg = Debug|Any CPU
		{D4D6FF88-0586-43C7-BDE4-D336EB25E7AA}.Debug|Any CPU.Build.0 = Debug|Any CPU
		{D4D6FF88-0586-43C7-BDE4-D336EB25E7AA}.Release|Any CPU.ActiveCfg = Release|Any CPU
		{D4D6FF88-0586-43C7-BDE4-D336EB25E7AA}.Release|Any CPU.Build.0 = Release|Any CPU
		{81B0FF57-C128-4F6B-83C7-94DBAF261582}.Debug|Any CPU.ActiveCfg = Debug|Any CPU
		{81B0FF57-C128-4F6B-83C7-94DBAF261582}.Debug|Any CPU.Build.0 = Debug|Any CPU
		{81B0FF57-C128-4F6B-83C7-94DBAF261582}.Release|Any CPU.ActiveCfg = Release|Any CPU
		{81B0FF57-C128-4F6B-83C7-94DBAF261582}.Release|Any CPU.Build.0 = Release|Any CPU
		{BA4C1700-8A72-4F33-AF67-0E60F324E521}.Debug|Any CPU.ActiveCfg = Debug|Any CPU
		{BA4C1700-8A72-4F33-AF67-0E60F324E521}.Debug|Any CPU.Build.0 = Debug|Any CPU
		{BA4C1700-8A72-4F33-AF67-0E60F324E521}.Release|Any CPU.ActiveCfg = Release|Any CPU
		{BA4C1700-8A72-4F33-AF67-0E60F324E521}.Release|Any CPU.Build.0 = Release|Any CPU
		{27F04393-37FD-4D02-B574-0084BB7F6A59}.Debug|Any CPU.ActiveCfg = Debug|Any CPU
		{27F04393-37FD-4D02-B574-0084BB7F6A59}.Debug|Any CPU.Build.0 = Debug|Any CPU
		{27F04393-37FD-4D02-B574-0084BB7F6A59}.Release|Any CPU.ActiveCfg = Release|Any CPU
		{27F04393-37FD-4D02-B574-0084BB7F6A59}.Release|Any CPU.Build.0 = Release|Any CPU
		{7C57FD95-030E-48B2-B369-6694BB922C8C}.Debug|Any CPU.ActiveCfg = Debug|Any CPU
		{7C57FD95-030E-48B2-B369-6694BB922C8C}.Debug|Any CPU.Build.0 = Debug|Any CPU
		{7C57FD95-030E-48B2-B369-6694BB922C8C}.Release|Any CPU.ActiveCfg = Release|Any CPU
		{7C57FD95-030E-48B2-B369-6694BB922C8C}.Release|Any CPU.Build.0 = Release|Any CPU
		{B65D5F61-64BF-4219-863C-74C2744AE8FC}.Debug|Any CPU.ActiveCfg = Debug|Any CPU
		{B65D5F61-64BF-4219-863C-74C2744AE8FC}.Debug|Any CPU.Build.0 = Debug|Any CPU
		{B65D5F61-64BF-4219-863C-74C2744AE8FC}.Release|Any CPU.ActiveCfg = Release|Any CPU
		{B65D5F61-64BF-4219-863C-74C2744AE8FC}.Release|Any CPU.Build.0 = Release|Any CPU
	EndGlobalSection
	GlobalSection(SolutionProperties) = preSolution
		HideSolutionNode = FALSE
	EndGlobalSection
	GlobalSection(ExtensibilityGlobals) = postSolution
		SolutionGuid = {641F7536-D98F-4D5C-AF9F-1B24FC80BAED}
	EndGlobalSection
EndGlobal
